
Microsoft Visual Studio Solution File, Format Version 12.00
# Visual Studio Version 16
VisualStudioVersion = 16.0.33027.164
MinimumVisualStudioVersion = 10.0.40219.1
Project("{FAE04EC0-301F-11D3-BF4B-00C04F79EFBC}") = "Decorator_JavaCo", "Decorator_JavaCo.csproj", "{A655C636-8D7F-41CC-B9A5-88B411FEC3F2}"
EndProject
Global
	GlobalSection(SolutionConfigurationPlatforms) = preSolution
		Debug|Any CPU = Debug|Any CPU
		Release|Any CPU = Release|Any CPU
	EndGlobalSection
	GlobalSection(ProjectConfigurationPlatforms) = postSolution
		{A655C636-8D7F-41CC-B9A5-88B411FEC3F2}.Debug|Any CPU.ActiveCfg = Debug|Any CPU
		{A655C636-8D7F-41CC-B9A5-88B411FEC3F2}.Debug|Any CPU.Build.0 = Debug|Any CPU
		{A655C636-8D7F-41CC-B9A5-88B411FEC3F2}.Release|Any CPU.ActiveCfg = Release|Any CPU
		{A655C636-8D7F-41CC-B9A5-88B411FEC3F2}.Release|Any CPU.Build.0 = Release|Any CPU
	EndGlobalSection
	GlobalSection(SolutionProperties) = preSolution
		HideSolutionNode = FALSE
	EndGlobalSection
	GlobalSection(ExtensibilityGlobals) = postSolution
		SolutionGuid = {5BFD7B94-D9D2-49CD-B7F7-37413F1424B8}
	EndGlobalSection
EndGlobal
