
Microsoft Visual Studio Solution File, Format Version 12.00
# Visual Studio Version 16
VisualStudioVersion = 16.0.33027.164
MinimumVisualStudioVersion = 10.0.40219.1
Project("{FAE04EC0-301F-11D3-BF4B-00C04F79EFBC}") = "BlackSmithing", "BlackSmithing.csproj", "{1051B01C-28C3-4AB6-929B-B3A4E4C5BBF7}"
EndProject
Global
	GlobalSection(SolutionConfigurationPlatforms) = preSolution
		Debug|Any CPU = Debug|Any CPU
		Release|Any CPU = Release|Any CPU
	EndGlobalSection
	GlobalSection(ProjectConfigurationPlatforms) = postSolution
		{1051B01C-28C3-4AB6-929B-B3A4E4C5BBF7}.Debug|Any CPU.ActiveCfg = Debug|Any CPU
		{1051B01C-28C3-4AB6-929B-B3A4E4C5BBF7}.Debug|Any CPU.Build.0 = Debug|Any CPU
		{1051B01C-28C3-4AB6-929B-B3A4E4C5BBF7}.Release|Any CPU.ActiveCfg = Release|Any CPU
		{1051B01C-28C3-4AB6-929B-B3A4E4C5BBF7}.Release|Any CPU.Build.0 = Release|Any CPU
	EndGlobalSection
	GlobalSection(SolutionProperties) = preSolution
		HideSolutionNode = FALSE
	EndGlobalSection
	GlobalSection(ExtensibilityGlobals) = postSolution
		SolutionGuid = {222E5671-7DFB-40D5-BAE8-9CCC0AE45BC8}
	EndGlobalSection
EndGlobal
